
Microsoft Visual Studio Solution File, Format Version 12.00
# Visual Studio Version 17
VisualStudioVersion = 17.6.33723.286
MinimumVisualStudioVersion = 10.0.40219.1
Project("{FAE04EC0-301F-11D3-BF4B-00C04F79EFBC}") = "chatgot", "chatgot\chatgot.csproj", "{498567CD-22AE-4E96-A1BF-2F7326521411}"
EndProject
Global
	GlobalSection(SolutionConfigurationPlatforms) = preSolution
		Debug|Any CPU = Debug|Any CPU
		Release|Any CPU = Release|Any CPU
	EndGlobalSection
	GlobalSection(ProjectConfigurationPlatforms) = postSolution
		{498567CD-22AE-4E96-A1BF-2F7326521411}.Debug|Any CPU.ActiveCfg = Debug|Any CPU
		{498567CD-22AE-4E96-A1BF-2F7326521411}.Debug|Any CPU.Build.0 = Debug|Any CPU
		{498567CD-22AE-4E96-A1BF-2F7326521411}.Release|Any CPU.ActiveCfg = Release|Any CPU
		{498567CD-22AE-4E96-A1BF-2F7326521411}.Release|Any CPU.Build.0 = Release|Any CPU
	EndGlobalSection
	GlobalSection(SolutionProperties) = preSolution
		HideSolutionNode = FALSE
	EndGlobalSection
	GlobalSection(ExtensibilityGlobals) = postSolution
		SolutionGuid = {A14E5972-7F07-4930-8374-4730DA33A0D6}
	EndGlobalSection
EndGlobal
